
Microsoft Visual Studio Solution File, Format Version 12.00
# Visual Studio Version 17
VisualStudioVersion = 17.11.35222.181
MinimumVisualStudioVersion = 10.0.40219.1
Project("{9A19103F-16F7-4668-BE54-9A1E7A4F7556}") = "Dynamics", "Dynamics\Dynamics.csproj", "{72FFF11D-A316-4C09-BA47-A109734EB187}"
EndProject
Project("{9A19103F-16F7-4668-BE54-9A1E7A4F7556}") = "Dynamics.DataAccess", "Dynamics.DataAccess\Dynamics.DataAccess.csproj", "{5DDE4F9A-583D-4C45-8FE6-22D2760B1223}"
EndProject
Project("{FAE04EC0-301F-11D3-BF4B-00C04F79EFBC}") = "Dynamics.Models", "Dynamics.Models\Dynamics.Models.csproj", "{C3C3663F-6303-41B0-BECA-4DABFEB8769C}"
EndProject
Project("{FAE04EC0-301F-11D3-BF4B-00C04F79EFBC}") = "Dynamics.Utility", "Dynamics.Utility\Dynamics.Utility.csproj", "{A1727530-2ED7-42AE-8692-BABA5ADC9C63}"
EndProject
Global
	GlobalSection(SolutionConfigurationPlatforms) = preSolution
		Debug|Any CPU = Debug|Any CPU
		Release|Any CPU = Release|Any CPU
	EndGlobalSection
	GlobalSection(ProjectConfigurationPlatforms) = postSolution
		{72FFF11D-A316-4C09-BA47-A109734EB187}.Debug|Any CPU.ActiveCfg = Debug|Any CPU
		{72FFF11D-A316-4C09-BA47-A109734EB187}.Debug|Any CPU.Build.0 = Debug|Any CPU
		{72FFF11D-A316-4C09-BA47-A109734EB187}.Release|Any CPU.ActiveCfg = Release|Any CPU
		{72FFF11D-A316-4C09-BA47-A109734EB187}.Release|Any CPU.Build.0 = Release|Any CPU
		{5DDE4F9A-583D-4C45-8FE6-22D2760B1223}.Debug|Any CPU.ActiveCfg = Debug|Any CPU
		{5DDE4F9A-583D-4C45-8FE6-22D2760B1223}.Debug|Any CPU.Build.0 = Debug|Any CPU
		{5DDE4F9A-583D-4C45-8FE6-22D2760B1223}.Release|Any CPU.ActiveCfg = Release|Any CPU
		{5DDE4F9A-583D-4C45-8FE6-22D2760B1223}.Release|Any CPU.Build.0 = Release|Any CPU
		{C3C3663F-6303-41B0-BECA-4DABFEB8769C}.Debug|Any CPU.ActiveCfg = Debug|Any CPU
		{C3C3663F-6303-41B0-BECA-4DABFEB8769C}.Debug|Any CPU.Build.0 = Debug|Any CPU
		{C3C3663F-6303-41B0-BECA-4DABFEB8769C}.Release|Any CPU.ActiveCfg = Release|Any CPU
		{C3C3663F-6303-41B0-BECA-4DABFEB8769C}.Release|Any CPU.Build.0 = Release|Any CPU
		{A1727530-2ED7-42AE-8692-BABA5ADC9C63}.Debug|Any CPU.ActiveCfg = Debug|Any CPU
		{A1727530-2ED7-42AE-8692-BABA5ADC9C63}.Debug|Any CPU.Build.0 = Debug|Any CPU
		{A1727530-2ED7-42AE-8692-BABA5ADC9C63}.Release|Any CPU.ActiveCfg = Release|Any CPU
		{A1727530-2ED7-42AE-8692-BABA5ADC9C63}.Release|Any CPU.Build.0 = Release|Any CPU
	EndGlobalSection
	GlobalSection(SolutionProperties) = preSolution
		HideSolutionNode = FALSE
	EndGlobalSection
	GlobalSection(ExtensibilityGlobals) = postSolution
		SolutionGuid = {1741A91D-3AAA-4AA0-BC6E-29F148DD1A5F}
	EndGlobalSection
EndGlobal
