
Microsoft Visual Studio Solution File, Format Version 12.00
# Visual Studio Version 17
VisualStudioVersion = 17.11.35327.3
MinimumVisualStudioVersion = 10.0.40219.1
Project("{FAE04EC0-301F-11D3-BF4B-00C04F79EFBC}") = "Dynamics", "Dynamics.csproj", "{A699A939-4DEF-46AB-8970-6ED0AFF1A542}"
EndProject
Project("{FAE04EC0-301F-11D3-BF4B-00C04F79EFBC}") = "Dynamics.Utility", "Dynamics.Utility\Dynamics.Utility.csproj", "{081BDCB8-8449-4E70-9897-34180DB6CAD9}"
EndProject
Project("{FAE04EC0-301F-11D3-BF4B-00C04F79EFBC}") = "Dynamics.Models", "Dynamics.Models\Dynamics.Models.csproj", "{DBDF77D0-12CF-4BA5-B0E5-AECFEBD29784}"
EndProject
Project("{FAE04EC0-301F-11D3-BF4B-00C04F79EFBC}") = "Dynamics.DataAccess", "Dynamics.DataAccess\Dynamics.DataAccess.csproj", "{D30059C3-B494-4650-B578-6D38C14953F2}"
EndProject
Global
	GlobalSection(SolutionConfigurationPlatforms) = preSolution
		Debug|Any CPU = Debug|Any CPU
		Release|Any CPU = Release|Any CPU
	EndGlobalSection
	GlobalSection(ProjectConfigurationPlatforms) = postSolution
		{A699A939-4DEF-46AB-8970-6ED0AFF1A542}.Debug|Any CPU.ActiveCfg = Debug|Any CPU
		{A699A939-4DEF-46AB-8970-6ED0AFF1A542}.Debug|Any CPU.Build.0 = Debug|Any CPU
		{A699A939-4DEF-46AB-8970-6ED0AFF1A542}.Release|Any CPU.ActiveCfg = Release|Any CPU
		{A699A939-4DEF-46AB-8970-6ED0AFF1A542}.Release|Any CPU.Build.0 = Release|Any CPU
		{081BDCB8-8449-4E70-9897-34180DB6CAD9}.Debug|Any CPU.ActiveCfg = Debug|Any CPU
		{081BDCB8-8449-4E70-9897-34180DB6CAD9}.Debug|Any CPU.Build.0 = Debug|Any CPU
		{081BDCB8-8449-4E70-9897-34180DB6CAD9}.Release|Any CPU.ActiveCfg = Release|Any CPU
		{081BDCB8-8449-4E70-9897-34180DB6CAD9}.Release|Any CPU.Build.0 = Release|Any CPU
		{DBDF77D0-12CF-4BA5-B0E5-AECFEBD29784}.Debug|Any CPU.ActiveCfg = Debug|Any CPU
		{DBDF77D0-12CF-4BA5-B0E5-AECFEBD29784}.Debug|Any CPU.Build.0 = Debug|Any CPU
		{DBDF77D0-12CF-4BA5-B0E5-AECFEBD29784}.Release|Any CPU.ActiveCfg = Release|Any CPU
		{DBDF77D0-12CF-4BA5-B0E5-AECFEBD29784}.Release|Any CPU.Build.0 = Release|Any CPU
		{D30059C3-B494-4650-B578-6D38C14953F2}.Debug|Any CPU.ActiveCfg = Debug|Any CPU
		{D30059C3-B494-4650-B578-6D38C14953F2}.Debug|Any CPU.Build.0 = Debug|Any CPU
		{D30059C3-B494-4650-B578-6D38C14953F2}.Release|Any CPU.ActiveCfg = Release|Any CPU
		{D30059C3-B494-4650-B578-6D38C14953F2}.Release|Any CPU.Build.0 = Release|Any CPU
	EndGlobalSection
	GlobalSection(SolutionProperties) = preSolution
		HideSolutionNode = FALSE
	EndGlobalSection
	GlobalSection(ExtensibilityGlobals) = postSolution
		SolutionGuid = {33FCAF6E-2564-4014-AD52-5F3B30489849}
	EndGlobalSection
EndGlobal
